
Microsoft Visual Studio Solution File, Format Version 12.00
# Visual Studio Version 17
VisualStudioVersion = 17.6.33815.320
MinimumVisualStudioVersion = 10.0.40219.1
Project("{FAE04EC0-301F-11D3-BF4B-00C04F79EFBC}") = "DataModels", "DataModels\DataModels.csproj", "{DCDFDF0A-03A5-40BA-A5BF-CDA16E1A34C5}"
EndProject
Project("{FAE04EC0-301F-11D3-BF4B-00C04F79EFBC}") = "ClientFinal", "ClientFinal\ClientFinal.csproj", "{FF386BC7-1EF2-4D7A-9B1B-3EAE1F3AFF25}"
EndProject
Project("{FAE04EC0-301F-11D3-BF4B-00C04F79EFBC}") = "ChatServer", "ChatServer\ChatServer.csproj", "{602BAAF3-295B-4857-B9AA-6481C77B27AA}"
EndProject
Project("{FAE04EC0-301F-11D3-BF4B-00C04F79EFBC}") = "ServerInterface", "ServerInterface\ServerInterface.csproj", "{D57106F2-5D49-4DD5-A5D7-2A6CDAEE076D}"
EndProject
Global
	GlobalSection(SolutionConfigurationPlatforms) = preSolution
		Debug|Any CPU = Debug|Any CPU
		Release|Any CPU = Release|Any CPU
	EndGlobalSection
	GlobalSection(ProjectConfigurationPlatforms) = postSolution
		{DCDFDF0A-03A5-40BA-A5BF-CDA16E1A34C5}.Debug|Any CPU.ActiveCfg = Debug|Any CPU
		{DCDFDF0A-03A5-40BA-A5BF-CDA16E1A34C5}.Debug|Any CPU.Build.0 = Debug|Any CPU
		{DCDFDF0A-03A5-40BA-A5BF-CDA16E1A34C5}.Release|Any CPU.ActiveCfg = Release|Any CPU
		{DCDFDF0A-03A5-40BA-A5BF-CDA16E1A34C5}.Release|Any CPU.Build.0 = Release|Any CPU
		{FF386BC7-1EF2-4D7A-9B1B-3EAE1F3AFF25}.Debug|Any CPU.ActiveCfg = Debug|Any CPU
		{FF386BC7-1EF2-4D7A-9B1B-3EAE1F3AFF25}.Debug|Any CPU.Build.0 = Debug|Any CPU
		{FF386BC7-1EF2-4D7A-9B1B-3EAE1F3AFF25}.Release|Any CPU.ActiveCfg = Release|Any CPU
		{FF386BC7-1EF2-4D7A-9B1B-3EAE1F3AFF25}.Release|Any CPU.Build.0 = Release|Any CPU
		{602BAAF3-295B-4857-B9AA-6481C77B27AA}.Debug|Any CPU.ActiveCfg = Debug|Any CPU
		{602BAAF3-295B-4857-B9AA-6481C77B27AA}.Debug|Any CPU.Build.0 = Debug|Any CPU
		{602BAAF3-295B-4857-B9AA-6481C77B27AA}.Release|Any CPU.ActiveCfg = Release|Any CPU
		{602BAAF3-295B-4857-B9AA-6481C77B27AA}.Release|Any CPU.Build.0 = Release|Any CPU
		{D57106F2-5D49-4DD5-A5D7-2A6CDAEE076D}.Debug|Any CPU.ActiveCfg = Debug|Any CPU
		{D57106F2-5D49-4DD5-A5D7-2A6CDAEE076D}.Debug|Any CPU.Build.0 = Debug|Any CPU
		{D57106F2-5D49-4DD5-A5D7-2A6CDAEE076D}.Release|Any CPU.ActiveCfg = Release|Any CPU
		{D57106F2-5D49-4DD5-A5D7-2A6CDAEE076D}.Release|Any CPU.Build.0 = Release|Any CPU
	EndGlobalSection
	GlobalSection(SolutionProperties) = preSolution
		HideSolutionNode = FALSE
	EndGlobalSection
	GlobalSection(ExtensibilityGlobals) = postSolution
		SolutionGuid = {106895DF-DAA4-4721-9E35-2F8C0D64BE5E}
	EndGlobalSection
EndGlobal
